
Microsoft Visual Studio Solution File, Format Version 12.00
Project("{FAE04EC0-301F-11D3-BF4B-00C04F79EFBC}") = "SiteBuilder", "SiteBuilder\SiteBuilder.csproj", "{C771B76B-BE27-40CC-8DC9-B68624801E2D}"
EndProject
Project("{FAE04EC0-301F-11D3-BF4B-00C04F79EFBC}") = "Markdig", "..\ext\markdig\src\Markdig\Markdig.csproj", "{0D841F84-853E-4CAE-A0FA-AFA76A1337E3}"
EndProject
Global
	GlobalSection(SolutionConfigurationPlatforms) = preSolution
		Debug|Any CPU = Debug|Any CPU
		Release|Any CPU = Release|Any CPU
	EndGlobalSection
	GlobalSection(ProjectConfigurationPlatforms) = postSolution
		{C771B76B-BE27-40CC-8DC9-B68624801E2D}.Debug|Any CPU.ActiveCfg = Debug|Any CPU
		{C771B76B-BE27-40CC-8DC9-B68624801E2D}.Debug|Any CPU.Build.0 = Debug|Any CPU
		{C771B76B-BE27-40CC-8DC9-B68624801E2D}.Release|Any CPU.ActiveCfg = Release|Any CPU
		{C771B76B-BE27-40CC-8DC9-B68624801E2D}.Release|Any CPU.Build.0 = Release|Any CPU
		{0D841F84-853E-4CAE-A0FA-AFA76A1337E3}.Debug|Any CPU.ActiveCfg = Debug|Any CPU
		{0D841F84-853E-4CAE-A0FA-AFA76A1337E3}.Debug|Any CPU.Build.0 = Debug|Any CPU
		{0D841F84-853E-4CAE-A0FA-AFA76A1337E3}.Release|Any CPU.ActiveCfg = Release|Any CPU
		{0D841F84-853E-4CAE-A0FA-AFA76A1337E3}.Release|Any CPU.Build.0 = Release|Any CPU
	EndGlobalSection
EndGlobal
